
Microsoft Visual Studio Solution File, Format Version 12.00
# Visual Studio 15
VisualStudioVersion = 15.0.26730.12
MinimumVisualStudioVersion = 10.0.40219.1
Project("{FAE04EC0-301F-11D3-BF4B-00C04F79EFBC}") = "BooleanExpressions", "BooleanExpressions\BooleanExpressions.csproj", "{2A81CE7E-44B2-47F4-ADAB-B7B6349BF5ED}"
EndProject
Project("{FAE04EC0-301F-11D3-BF4B-00C04F79EFBC}") = "BooleanExpressions.Models", "BooleanExpressions.Models\BooleanExpressions.Models.csproj", "{DBDF2C18-F083-4C8E-BD9F-6D61947D4947}"
EndProject
Project("{FAE04EC0-301F-11D3-BF4B-00C04F79EFBC}") = "BooleanExpressions.ViewModels", "BooleanExpressions.ViewModels\BooleanExpressions.ViewModels.csproj", "{448ED3C3-9D2B-4F09-B908-E2BFAE9F45A2}"
EndProject
Global
	GlobalSection(SolutionConfigurationPlatforms) = preSolution
		Debug|Any CPU = Debug|Any CPU
		Release|Any CPU = Release|Any CPU
	EndGlobalSection
	GlobalSection(ProjectConfigurationPlatforms) = postSolution
		{2A81CE7E-44B2-47F4-ADAB-B7B6349BF5ED}.Debug|Any CPU.ActiveCfg = Debug|Any CPU
		{2A81CE7E-44B2-47F4-ADAB-B7B6349BF5ED}.Debug|Any CPU.Build.0 = Debug|Any CPU
		{2A81CE7E-44B2-47F4-ADAB-B7B6349BF5ED}.Release|Any CPU.ActiveCfg = Release|Any CPU
		{2A81CE7E-44B2-47F4-ADAB-B7B6349BF5ED}.Release|Any CPU.Build.0 = Release|Any CPU
		{DBDF2C18-F083-4C8E-BD9F-6D61947D4947}.Debug|Any CPU.ActiveCfg = Debug|Any CPU
		{DBDF2C18-F083-4C8E-BD9F-6D61947D4947}.Debug|Any CPU.Build.0 = Debug|Any CPU
		{DBDF2C18-F083-4C8E-BD9F-6D61947D4947}.Release|Any CPU.ActiveCfg = Release|Any CPU
		{DBDF2C18-F083-4C8E-BD9F-6D61947D4947}.Release|Any CPU.Build.0 = Release|Any CPU
		{448ED3C3-9D2B-4F09-B908-E2BFAE9F45A2}.Debug|Any CPU.ActiveCfg = Debug|Any CPU
		{448ED3C3-9D2B-4F09-B908-E2BFAE9F45A2}.Debug|Any CPU.Build.0 = Debug|Any CPU
		{448ED3C3-9D2B-4F09-B908-E2BFAE9F45A2}.Release|Any CPU.ActiveCfg = Release|Any CPU
		{448ED3C3-9D2B-4F09-B908-E2BFAE9F45A2}.Release|Any CPU.Build.0 = Release|Any CPU
	EndGlobalSection
	GlobalSection(SolutionProperties) = preSolution
		HideSolutionNode = FALSE
	EndGlobalSection
	GlobalSection(ExtensibilityGlobals) = postSolution
		SolutionGuid = {66B1F122-A4A7-405F-ADC8-E37724ECF066}
	EndGlobalSection
EndGlobal
